
Microsoft Visual Studio Solution File, Format Version 12.00
# Visual Studio Version 17
VisualStudioVersion = 17.12.35514.174 d17.12
MinimumVisualStudioVersion = 10.0.40219.1
Project("{FAE04EC0-301F-11D3-BF4B-00C04F79EFBC}") = "Projekt Kalkulator - wizualne 1", "Projekt Kalkulator - wizualne 1\Projekt Kalkulator - wizualne 1.csproj", "{1EB0EBC0-5582-4508-8D43-B9185EAA135D}"
EndProject
Global
	GlobalSection(SolutionConfigurationPlatforms) = preSolution
		Debug|Any CPU = Debug|Any CPU
		Release|Any CPU = Release|Any CPU
	EndGlobalSection
	GlobalSection(ProjectConfigurationPlatforms) = postSolution
		{1EB0EBC0-5582-4508-8D43-B9185EAA135D}.Debug|Any CPU.ActiveCfg = Debug|Any CPU
		{1EB0EBC0-5582-4508-8D43-B9185EAA135D}.Debug|Any CPU.Build.0 = Debug|Any CPU
		{1EB0EBC0-5582-4508-8D43-B9185EAA135D}.Release|Any CPU.ActiveCfg = Release|Any CPU
		{1EB0EBC0-5582-4508-8D43-B9185EAA135D}.Release|Any CPU.Build.0 = Release|Any CPU
	EndGlobalSection
	GlobalSection(SolutionProperties) = preSolution
		HideSolutionNode = FALSE
	EndGlobalSection
EndGlobal
